
Microsoft Visual Studio Solution File, Format Version 12.00
# Visual Studio 15
VisualStudioVersion = 15.0.27428.2037
MinimumVisualStudioVersion = 10.0.40219.1
Project("{FAE04EC0-301F-11D3-BF4B-00C04F79EFBC}") = "IT.NEWS", "IT.NEWS\IT.NEWS.csproj", "{40B35231-6493-4786-9552-F8944569CD2F}"
EndProject
Project("{FAE04EC0-301F-11D3-BF4B-00C04F79EFBC}") = "IT.NEWS.Dal", "IT.NEWS.Dal\IT.NEWS.Dal.csproj", "{84BF679C-1EF5-4B63-BF22-5D4D6A5B00AC}"
EndProject
Project("{FAE04EC0-301F-11D3-BF4B-00C04F79EFBC}") = "IT.NEWS.Bll", "IT.NEWS.Bll\IT.NEWS.Bll.csproj", "{B7F378D2-9BA2-4781-B7E1-BA0F6B04EE25}"
EndProject
Project("{FAE04EC0-301F-11D3-BF4B-00C04F79EFBC}") = "IT.NEWS.Common", "IT.NEWS.Common\IT.NEWS.Common.csproj", "{7AF16792-3D1A-44EB-9E11-544E966483F6}"
EndProject
Project("{FAE04EC0-301F-11D3-BF4B-00C04F79EFBC}") = "IT.NEWS.BllTests", "IT.NEWS.BllTests\IT.NEWS.BllTests.csproj", "{49159CC0-356F-4CAE-9598-7355965BDD6B}"
EndProject
Project("{FAE04EC0-301F-11D3-BF4B-00C04F79EFBC}") = "Testing", "Testing\Testing.csproj", "{E29C1C1A-5371-43DB-81C0-44314B669C7E}"
EndProject
Project("{FAE04EC0-301F-11D3-BF4B-00C04F79EFBC}") = "WebApiDemo2", "WebApiDemo2\WebApiDemo2.csproj", "{9E0EB208-C6D8-4652-8DC1-6DB33F36B2BB}"
EndProject
Project("{FAE04EC0-301F-11D3-BF4B-00C04F79EFBC}") = "IT.NEWS.IDal", "IT.NEWS.IDal\IT.NEWS.IDal.csproj", "{D7C1E7AB-C8B2-4FB5-AB3F-40EEA1C50564}"
EndProject
Project("{FAE04EC0-301F-11D3-BF4B-00C04F79EFBC}") = "IT.NEWS.IBll", "IT.NEWS.IBll\IT.NEWS.IBll.csproj", "{6C01DA39-6F29-4EB4-8449-820C6C00986A}"
EndProject
Project("{FAE04EC0-301F-11D3-BF4B-00C04F79EFBC}") = "IT.NEWS.StaticDalFactory", "IT.NEWS.StaticDalFactory\IT.NEWS.StaticDalFactory.csproj", "{ED329A85-D488-4CB7-A0D7-6BFA4C27B60D}"
EndProject
Project("{FAE04EC0-301F-11D3-BF4B-00C04F79EFBC}") = "IT.NEWS.Model", "IT.NEWS.Model\IT.NEWS.Model.csproj", "{3FD0C992-58D2-4DD8-B352-53166953A161}"
EndProject
Project("{FAE04EC0-301F-11D3-BF4B-00C04F79EFBC}") = "IT.NEWS.NHibernateDal", "IT.NEWS.NHibernate\IT.NEWS.NHibernateDal.csproj", "{FDB2D05A-C3E8-42BA-A625-4E5D305859C8}"
EndProject
Project("{FAE04EC0-301F-11D3-BF4B-00C04F79EFBC}") = "IT.NEWS.DapperDal", "IT.NEWS.DapperDal\IT.NEWS.DapperDal.csproj", "{2A75638C-6C98-458E-B8B8-3DFA4FC45127}"
EndProject
Project("{FAE04EC0-301F-11D3-BF4B-00C04F79EFBC}") = "Autofac.Ioc.Demo", "Autofac.Ioc.Demo\Autofac.Ioc.Demo.csproj", "{7348B101-4A34-4B3D-A855-E26EB0E720B3}"
EndProject
Project("{2150E333-8FDC-42A3-9474-1A3956D46DE8}") = "Cache", "Cache", "{65618CC8-AC8A-4C2D-98C8-54AED9746872}"
EndProject
Project("{FAE04EC0-301F-11D3-BF4B-00C04F79EFBC}") = "IT.NEWS.Cache.Base", "IT.NEWS.Cache.Base\IT.NEWS.Cache.Base.csproj", "{44DB398B-8506-4709-91CC-E7B48D7ECD56}"
EndProject
Project("{FAE04EC0-301F-11D3-BF4B-00C04F79EFBC}") = "IT.NEWS.Cache.Redis", "IT.NEWS.Cache.Redis\IT.NEWS.Cache.Redis.csproj", "{3CB29DC4-1952-4866-9F28-8439B86EE7A5}"
EndProject
Project("{FAE04EC0-301F-11D3-BF4B-00C04F79EFBC}") = "IT.NEWS.Cache.Factory", "IT.NEWS.Cache.Factory\IT.NEWS.Cache.Factory.csproj", "{EAF79260-5A3B-4DAE-AD5C-1F3C3DA51512}"
EndProject
Global
	GlobalSection(SolutionConfigurationPlatforms) = preSolution
		Debug|Any CPU = Debug|Any CPU
		Release|Any CPU = Release|Any CPU
	EndGlobalSection
	GlobalSection(ProjectConfigurationPlatforms) = postSolution
		{40B35231-6493-4786-9552-F8944569CD2F}.Debug|Any CPU.ActiveCfg = Debug|Any CPU
		{40B35231-6493-4786-9552-F8944569CD2F}.Debug|Any CPU.Build.0 = Debug|Any CPU
		{40B35231-6493-4786-9552-F8944569CD2F}.Release|Any CPU.ActiveCfg = Release|Any CPU
		{40B35231-6493-4786-9552-F8944569CD2F}.Release|Any CPU.Build.0 = Release|Any CPU
		{84BF679C-1EF5-4B63-BF22-5D4D6A5B00AC}.Debug|Any CPU.ActiveCfg = Debug|Any CPU
		{84BF679C-1EF5-4B63-BF22-5D4D6A5B00AC}.Debug|Any CPU.Build.0 = Debug|Any CPU
		{84BF679C-1EF5-4B63-BF22-5D4D6A5B00AC}.Release|Any CPU.ActiveCfg = Release|Any CPU
		{84BF679C-1EF5-4B63-BF22-5D4D6A5B00AC}.Release|Any CPU.Build.0 = Release|Any CPU
		{B7F378D2-9BA2-4781-B7E1-BA0F6B04EE25}.Debug|Any CPU.ActiveCfg = Debug|Any CPU
		{B7F378D2-9BA2-4781-B7E1-BA0F6B04EE25}.Debug|Any CPU.Build.0 = Debug|Any CPU
		{B7F378D2-9BA2-4781-B7E1-BA0F6B04EE25}.Release|Any CPU.ActiveCfg = Release|Any CPU
		{B7F378D2-9BA2-4781-B7E1-BA0F6B04EE25}.Release|Any CPU.Build.0 = Release|Any CPU
		{7AF16792-3D1A-44EB-9E11-544E966483F6}.Debug|Any CPU.ActiveCfg = Debug|Any CPU
		{7AF16792-3D1A-44EB-9E11-544E966483F6}.Debug|Any CPU.Build.0 = Debug|Any CPU
		{7AF16792-3D1A-44EB-9E11-544E966483F6}.Release|Any CPU.ActiveCfg = Release|Any CPU
		{7AF16792-3D1A-44EB-9E11-544E966483F6}.Release|Any CPU.Build.0 = Release|Any CPU
		{49159CC0-356F-4CAE-9598-7355965BDD6B}.Debug|Any CPU.ActiveCfg = Debug|Any CPU
		{49159CC0-356F-4CAE-9598-7355965BDD6B}.Debug|Any CPU.Build.0 = Debug|Any CPU
		{49159CC0-356F-4CAE-9598-7355965BDD6B}.Release|Any CPU.ActiveCfg = Release|Any CPU
		{49159CC0-356F-4CAE-9598-7355965BDD6B}.Release|Any CPU.Build.0 = Release|Any CPU
		{E29C1C1A-5371-43DB-81C0-44314B669C7E}.Debug|Any CPU.ActiveCfg = Debug|Any CPU
		{E29C1C1A-5371-43DB-81C0-44314B669C7E}.Debug|Any CPU.Build.0 = Debug|Any CPU
		{E29C1C1A-5371-43DB-81C0-44314B669C7E}.Release|Any CPU.ActiveCfg = Release|Any CPU
		{E29C1C1A-5371-43DB-81C0-44314B669C7E}.Release|Any CPU.Build.0 = Release|Any CPU
		{9E0EB208-C6D8-4652-8DC1-6DB33F36B2BB}.Debug|Any CPU.ActiveCfg = Debug|Any CPU
		{9E0EB208-C6D8-4652-8DC1-6DB33F36B2BB}.Debug|Any CPU.Build.0 = Debug|Any CPU
		{9E0EB208-C6D8-4652-8DC1-6DB33F36B2BB}.Release|Any CPU.ActiveCfg = Release|Any CPU
		{9E0EB208-C6D8-4652-8DC1-6DB33F36B2BB}.Release|Any CPU.Build.0 = Release|Any CPU
		{D7C1E7AB-C8B2-4FB5-AB3F-40EEA1C50564}.Debug|Any CPU.ActiveCfg = Debug|Any CPU
		{D7C1E7AB-C8B2-4FB5-AB3F-40EEA1C50564}.Debug|Any CPU.Build.0 = Debug|Any CPU
		{D7C1E7AB-C8B2-4FB5-AB3F-40EEA1C50564}.Release|Any CPU.ActiveCfg = Release|Any CPU
		{D7C1E7AB-C8B2-4FB5-AB3F-40EEA1C50564}.Release|Any CPU.Build.0 = Release|Any CPU
		{6C01DA39-6F29-4EB4-8449-820C6C00986A}.Debug|Any CPU.ActiveCfg = Debug|Any CPU
		{6C01DA39-6F29-4EB4-8449-820C6C00986A}.Debug|Any CPU.Build.0 = Debug|Any CPU
		{6C01DA39-6F29-4EB4-8449-820C6C00986A}.Release|Any CPU.ActiveCfg = Release|Any CPU
		{6C01DA39-6F29-4EB4-8449-820C6C00986A}.Release|Any CPU.Build.0 = Release|Any CPU
		{ED329A85-D488-4CB7-A0D7-6BFA4C27B60D}.Debug|Any CPU.ActiveCfg = Debug|Any CPU
		{ED329A85-D488-4CB7-A0D7-6BFA4C27B60D}.Debug|Any CPU.Build.0 = Debug|Any CPU
		{ED329A85-D488-4CB7-A0D7-6BFA4C27B60D}.Release|Any CPU.ActiveCfg = Release|Any CPU
		{ED329A85-D488-4CB7-A0D7-6BFA4C27B60D}.Release|Any CPU.Build.0 = Release|Any CPU
		{3FD0C992-58D2-4DD8-B352-53166953A161}.Debug|Any CPU.ActiveCfg = Debug|Any CPU
		{3FD0C992-58D2-4DD8-B352-53166953A161}.Debug|Any CPU.Build.0 = Debug|Any CPU
		{3FD0C992-58D2-4DD8-B352-53166953A161}.Release|Any CPU.ActiveCfg = Release|Any CPU
		{3FD0C992-58D2-4DD8-B352-53166953A161}.Release|Any CPU.Build.0 = Release|Any CPU
		{FDB2D05A-C3E8-42BA-A625-4E5D305859C8}.Debug|Any CPU.ActiveCfg = Debug|Any CPU
		{FDB2D05A-C3E8-42BA-A625-4E5D305859C8}.Debug|Any CPU.Build.0 = Debug|Any CPU
		{FDB2D05A-C3E8-42BA-A625-4E5D305859C8}.Release|Any CPU.ActiveCfg = Release|Any CPU
		{FDB2D05A-C3E8-42BA-A625-4E5D305859C8}.Release|Any CPU.Build.0 = Release|Any CPU
		{2A75638C-6C98-458E-B8B8-3DFA4FC45127}.Debug|Any CPU.ActiveCfg = Debug|Any CPU
		{2A75638C-6C98-458E-B8B8-3DFA4FC45127}.Debug|Any CPU.Build.0 = Debug|Any CPU
		{2A75638C-6C98-458E-B8B8-3DFA4FC45127}.Release|Any CPU.ActiveCfg = Release|Any CPU
		{2A75638C-6C98-458E-B8B8-3DFA4FC45127}.Release|Any CPU.Build.0 = Release|Any CPU
		{7348B101-4A34-4B3D-A855-E26EB0E720B3}.Debug|Any CPU.ActiveCfg = Debug|Any CPU
		{7348B101-4A34-4B3D-A855-E26EB0E720B3}.Debug|Any CPU.Build.0 = Debug|Any CPU
		{7348B101-4A34-4B3D-A855-E26EB0E720B3}.Release|Any CPU.ActiveCfg = Release|Any CPU
		{7348B101-4A34-4B3D-A855-E26EB0E720B3}.Release|Any CPU.Build.0 = Release|Any CPU
		{44DB398B-8506-4709-91CC-E7B48D7ECD56}.Debug|Any CPU.ActiveCfg = Debug|Any CPU
		{44DB398B-8506-4709-91CC-E7B48D7ECD56}.Debug|Any CPU.Build.0 = Debug|Any CPU
		{44DB398B-8506-4709-91CC-E7B48D7ECD56}.Release|Any CPU.ActiveCfg = Release|Any CPU
		{44DB398B-8506-4709-91CC-E7B48D7ECD56}.Release|Any CPU.Build.0 = Release|Any CPU
		{3CB29DC4-1952-4866-9F28-8439B86EE7A5}.Debug|Any CPU.ActiveCfg = Debug|Any CPU
		{3CB29DC4-1952-4866-9F28-8439B86EE7A5}.Debug|Any CPU.Build.0 = Debug|Any CPU
		{3CB29DC4-1952-4866-9F28-8439B86EE7A5}.Release|Any CPU.ActiveCfg = Release|Any CPU
		{3CB29DC4-1952-4866-9F28-8439B86EE7A5}.Release|Any CPU.Build.0 = Release|Any CPU
		{EAF79260-5A3B-4DAE-AD5C-1F3C3DA51512}.Debug|Any CPU.ActiveCfg = Debug|Any CPU
		{EAF79260-5A3B-4DAE-AD5C-1F3C3DA51512}.Debug|Any CPU.Build.0 = Debug|Any CPU
		{EAF79260-5A3B-4DAE-AD5C-1F3C3DA51512}.Release|Any CPU.ActiveCfg = Release|Any CPU
		{EAF79260-5A3B-4DAE-AD5C-1F3C3DA51512}.Release|Any CPU.Build.0 = Release|Any CPU
	EndGlobalSection
	GlobalSection(SolutionProperties) = preSolution
		HideSolutionNode = FALSE
	EndGlobalSection
	GlobalSection(NestedProjects) = preSolution
		{44DB398B-8506-4709-91CC-E7B48D7ECD56} = {65618CC8-AC8A-4C2D-98C8-54AED9746872}
		{3CB29DC4-1952-4866-9F28-8439B86EE7A5} = {65618CC8-AC8A-4C2D-98C8-54AED9746872}
		{EAF79260-5A3B-4DAE-AD5C-1F3C3DA51512} = {65618CC8-AC8A-4C2D-98C8-54AED9746872}
	EndGlobalSection
	GlobalSection(ExtensibilityGlobals) = postSolution
		SolutionGuid = {5CDF2FF9-4DD3-4B62-BF96-2A48A705F38D}
	EndGlobalSection
EndGlobal
